
Microsoft Visual Studio Solution File, Format Version 12.00
# Visual Studio Version 17
VisualStudioVersion = 17.0.31903.59
MinimumVisualStudioVersion = 10.0.40219.1
Project("{FAE04EC0-301F-11D3-BF4B-00C04F79EFBC}") = "SADCOMS.API", "SADCOMS.API\SADCOMS.API.csproj", "{031DDF7C-A0D3-451D-8BED-F6863A5272A8}"
EndProject
Project("{FAE04EC0-301F-11D3-BF4B-00C04F79EFBC}") = "SADCOMS.Worker", "SADCOMS.Worker\SADCOMS.Worker.csproj", "{F47003D0-6BFF-4B8A-9AC1-62689CF054AE}"
EndProject
Project("{FAE04EC0-301F-11D3-BF4B-00C04F79EFBC}") = "SADCOMS.Tests", "SADCOMS.Tests\SADCOMS.Tests.csproj", "{39902F0A-3E39-4950-9F04-8B952C885EDE}"
EndProject
Global
	GlobalSection(SolutionConfigurationPlatforms) = preSolution
		Debug|Any CPU = Debug|Any CPU
		Release|Any CPU = Release|Any CPU
	EndGlobalSection
	GlobalSection(SolutionProperties) = preSolution
		HideSolutionNode = FALSE
	EndGlobalSection
	GlobalSection(ProjectConfigurationPlatforms) = postSolution
		{031DDF7C-A0D3-451D-8BED-F6863A5272A8}.Debug|Any CPU.ActiveCfg = Debug|Any CPU
		{031DDF7C-A0D3-451D-8BED-F6863A5272A8}.Debug|Any CPU.Build.0 = Debug|Any CPU
		{031DDF7C-A0D3-451D-8BED-F6863A5272A8}.Release|Any CPU.ActiveCfg = Release|Any CPU
		{031DDF7C-A0D3-451D-8BED-F6863A5272A8}.Release|Any CPU.Build.0 = Release|Any CPU
		{F47003D0-6BFF-4B8A-9AC1-62689CF054AE}.Debug|Any CPU.ActiveCfg = Debug|Any CPU
		{F47003D0-6BFF-4B8A-9AC1-62689CF054AE}.Debug|Any CPU.Build.0 = Debug|Any CPU
		{F47003D0-6BFF-4B8A-9AC1-62689CF054AE}.Release|Any CPU.ActiveCfg = Release|Any CPU
		{F47003D0-6BFF-4B8A-9AC1-62689CF054AE}.Release|Any CPU.Build.0 = Release|Any CPU
		{39902F0A-3E39-4950-9F04-8B952C885EDE}.Debug|Any CPU.ActiveCfg = Debug|Any CPU
		{39902F0A-3E39-4950-9F04-8B952C885EDE}.Debug|Any CPU.Build.0 = Debug|Any CPU
		{39902F0A-3E39-4950-9F04-8B952C885EDE}.Release|Any CPU.ActiveCfg = Release|Any CPU
		{39902F0A-3E39-4950-9F04-8B952C885EDE}.Release|Any CPU.Build.0 = Release|Any CPU
	EndGlobalSection
EndGlobal
